lockfileVersion: 5.3

specifiers:
  '@types/node': ^16.11.10

dependencies:
  '@types/node': 16.11.10

packages:

  /@types/node/16.11.10:
    resolution: {integrity: sha512-3aRnHa1KlOEEhJ6+CvyHKK5vE9BcLGjtUpwvqYLRvYNQKMfabu3BwfJaA/SLW8dxe28LsNDjtHwePTuzn3gmOA==, tarball: '@types/node/download/@types/node-16.11.10.tgz'}
    dev: false
